
Microsoft Visual Studio Solution File, Format Version 12.00
# Visual Studio Version 16
VisualStudioVersion = 16.0.31613.86
MinimumVisualStudioVersion = 10.0.40219.1
Project("{FAE04EC0-301F-11D3-BF4B-00C04F79EFBC}") = "TestApp1.UWP", "TestApp1\TestApp1.UWP\TestApp1.UWP.csproj", "{CCA00A31-5533-4D88-8C95-A7381FE33B89}"
EndProject
Project("{FAE04EC0-301F-11D3-BF4B-00C04F79EFBC}") = "TestApp1.Android", "TestApp1\TestApp1.Android\TestApp1.Android.csproj", "{26BA9ACF-CA82-4138-B4B1-76E5120A7348}"
EndProject
Project("{FAE04EC0-301F-11D3-BF4B-00C04F79EFBC}") = "TestApp1.iOS", "TestApp1\TestApp1.iOS\TestApp1.iOS.csproj", "{45C681E2-207E-4F79-AF8E-AD0981D64863}"
EndProject
Project("{9A19103F-16F7-4668-BE54-9A1E7A4F7556}") = "TestApp1", "TestApp1\TestApp1\TestApp1.csproj", "{A8C3C682-317C-4A25-84BD-9D07DFA1B995}"
EndProject
Project("{54435603-DBB4-11D2-8724-00A0C9A8B90C}") = "Setup1", "Setup1\Setup1.vdproj", "{B8179A0B-6F07-4DB9-A016-B2CE7C96391B}"
EndProject
Global
	GlobalSection(SolutionConfigurationPlatforms) = preSolution
		Debug|Any CPU = Debug|Any CPU
		Debug|ARM = Debug|ARM
		Debug|ARM64 = Debug|ARM64
		Debug|iPhone = Debug|iPhone
		Debug|iPhoneSimulator = Debug|iPhoneSimulator
		Debug|x64 = Debug|x64
		Debug|x86 = Debug|x86
		Release|Any CPU = Release|Any CPU
		Release|ARM = Release|ARM
		Release|ARM64 = Release|ARM64
		Release|iPhone = Release|iPhone
		Release|iPhoneSimulator = Release|iPhoneSimulator
		Release|x64 = Release|x64
		Release|x86 = Release|x86
	EndGlobalSection
	GlobalSection(ProjectConfigurationPlatforms) = postSolution
		{CCA00A31-5533-4D88-8C95-A7381FE33B89}.Debug|Any CPU.ActiveCfg = Debug|x86
		{CCA00A31-5533-4D88-8C95-A7381FE33B89}.Debug|Any CPU.Build.0 = Debug|x86
		{CCA00A31-5533-4D88-8C95-A7381FE33B89}.Debug|Any CPU.Deploy.0 = Debug|x86
		{CCA00A31-5533-4D88-8C95-A7381FE33B89}.Debug|ARM.ActiveCfg = Debug|ARM
		{CCA00A31-5533-4D88-8C95-A7381FE33B89}.Debug|ARM.Build.0 = Debug|ARM
		{CCA00A31-5533-4D88-8C95-A7381FE33B89}.Debug|ARM.Deploy.0 = Debug|ARM
		{CCA00A31-5533-4D88-8C95-A7381FE33B89}.Debug|ARM64.ActiveCfg = Debug|ARM64
		{CCA00A31-5533-4D88-8C95-A7381FE33B89}.Debug|ARM64.Build.0 = Debug|ARM64
		{CCA00A31-5533-4D88-8C95-A7381FE33B89}.Debug|ARM64.Deploy.0 = Debug|ARM64
		{CCA00A31-5533-4D88-8C95-A7381FE33B89}.Debug|iPhone.ActiveCfg = Debug|x86
		{CCA00A31-5533-4D88-8C95-A7381FE33B89}.Debug|iPhone.Build.0 = Debug|x86
		{CCA00A31-5533-4D88-8C95-A7381FE33B89}.Debug|iPhone.Deploy.0 = Debug|x86
		{CCA00A31-5533-4D88-8C95-A7381FE33B89}.Debug|iPhoneSimulator.ActiveCfg = Debug|x86
		{CCA00A31-5533-4D88-8C95-A7381FE33B89}.Debug|iPhoneSimulator.Build.0 = Debug|x86
		{CCA00A31-5533-4D88-8C95-A7381FE33B89}.Debug|iPhoneSimulator.Deploy.0 = Debug|x86
		{CCA00A31-5533-4D88-8C95-A7381FE33B89}.Debug|x64.ActiveCfg = Debug|x64
		{CCA00A31-5533-4D88-8C95-A7381FE33B89}.Debug|x64.Build.0 = Debug|x64
		{CCA00A31-5533-4D88-8C95-A7381FE33B89}.Debug|x64.Deploy.0 = Debug|x64
		{CCA00A31-5533-4D88-8C95-A7381FE33B89}.Debug|x86.ActiveCfg = Debug|x86
		{CCA00A31-5533-4D88-8C95-A7381FE33B89}.Debug|x86.Build.0 = Debug|x86
		{CCA00A31-5533-4D88-8C95-A7381FE33B89}.Debug|x86.Deploy.0 = Debug|x86
		{CCA00A31-5533-4D88-8C95-A7381FE33B89}.Release|Any CPU.ActiveCfg = Release|x64
		{CCA00A31-5533-4D88-8C95-A7381FE33B89}.Release|Any CPU.Build.0 = Release|x64
		{CCA00A31-5533-4D88-8C95-A7381FE33B89}.Release|Any CPU.Deploy.0 = Release|x64
		{CCA00A31-5533-4D88-8C95-A7381FE33B89}.Release|ARM.ActiveCfg = Release|ARM
		{CCA00A31-5533-4D88-8C95-A7381FE33B89}.Release|ARM.Build.0 = Release|ARM
		{CCA00A31-5533-4D88-8C95-A7381FE33B89}.Release|ARM.Deploy.0 = Release|ARM
		{CCA00A31-5533-4D88-8C95-A7381FE33B89}.Release|ARM64.ActiveCfg = Release|x64
		{CCA00A31-5533-4D88-8C95-A7381FE33B89}.Release|ARM64.Build.0 = Release|x64
		{CCA00A31-5533-4D88-8C95-A7381FE33B89}.Release|ARM64.Deploy.0 = Release|x64
		{CCA00A31-5533-4D88-8C95-A7381FE33B89}.Release|iPhone.ActiveCfg = Release|x86
		{CCA00A31-5533-4D88-8C95-A7381FE33B89}.Release|iPhone.Build.0 = Release|x86
		{CCA00A31-5533-4D88-8C95-A7381FE33B89}.Release|iPhone.Deploy.0 = Release|x86
		{CCA00A31-5533-4D88-8C95-A7381FE33B89}.Release|iPhoneSimulator.ActiveCfg = Release|x86
		{CCA00A31-5533-4D88-8C95-A7381FE33B89}.Release|iPhoneSimulator.Build.0 = Release|x86
		{CCA00A31-5533-4D88-8C95-A7381FE33B89}.Release|iPhoneSimulator.Deploy.0 = Release|x86
		{CCA00A31-5533-4D88-8C95-A7381FE33B89}.Release|x64.ActiveCfg = Release|x64
		{CCA00A31-5533-4D88-8C95-A7381FE33B89}.Release|x64.Build.0 = Release|x64
		{CCA00A31-5533-4D88-8C95-A7381FE33B89}.Release|x64.Deploy.0 = Release|x64
		{CCA00A31-5533-4D88-8C95-A7381FE33B89}.Release|x86.ActiveCfg = Release|x86
		{CCA00A31-5533-4D88-8C95-A7381FE33B89}.Release|x86.Build.0 = Release|x86
		{CCA00A31-5533-4D88-8C95-A7381FE33B89}.Release|x86.Deploy.0 = Release|x86
		{26BA9ACF-CA82-4138-B4B1-76E5120A7348}.Debug|Any CPU.ActiveCfg = Debug|Any CPU
		{26BA9ACF-CA82-4138-B4B1-76E5120A7348}.Debug|Any CPU.Build.0 = Debug|Any CPU
		{26BA9ACF-CA82-4138-B4B1-76E5120A7348}.Debug|Any CPU.Deploy.0 = Debug|Any CPU
		{26BA9ACF-CA82-4138-B4B1-76E5120A7348}.Debug|ARM.ActiveCfg = Debug|Any CPU
		{26BA9ACF-CA82-4138-B4B1-76E5120A7348}.Debug|ARM.Build.0 = Debug|Any CPU
		{26BA9ACF-CA82-4138-B4B1-76E5120A7348}.Debug|ARM.Deploy.0 = Debug|Any CPU
		{26BA9ACF-CA82-4138-B4B1-76E5120A7348}.Debug|ARM64.ActiveCfg = Debug|Any CPU
		{26BA9ACF-CA82-4138-B4B1-76E5120A7348}.Debug|ARM64.Build.0 = Debug|Any CPU
		{26BA9ACF-CA82-4138-B4B1-76E5120A7348}.Debug|ARM64.Deploy.0 = Debug|Any CPU
		{26BA9ACF-CA82-4138-B4B1-76E5120A7348}.Debug|iPhone.ActiveCfg = Debug|Any CPU
		{26BA9ACF-CA82-4138-B4B1-76E5120A7348}.Debug|iPhone.Build.0 = Debug|Any CPU
		{26BA9ACF-CA82-4138-B4B1-76E5120A7348}.Debug|iPhone.Deploy.0 = Debug|Any CPU
		{26BA9ACF-CA82-4138-B4B1-76E5120A7348}.Debug|iPhoneSimulator.ActiveCfg = Debug|Any CPU
		{26BA9ACF-CA82-4138-B4B1-76E5120A7348}.Debug|iPhoneSimulator.Build.0 = Debug|Any CPU
		{26BA9ACF-CA82-4138-B4B1-76E5120A7348}.Debug|iPhoneSimulator.Deploy.0 = Debug|Any CPU
		{26BA9ACF-CA82-4138-B4B1-76E5120A7348}.Debug|x64.ActiveCfg = Debug|Any CPU
		{26BA9ACF-CA82-4138-B4B1-76E5120A7348}.Debug|x64.Build.0 = Debug|Any CPU
		{26BA9ACF-CA82-4138-B4B1-76E5120A7348}.Debug|x64.Deploy.0 = Debug|Any CPU
		{26BA9ACF-CA82-4138-B4B1-76E5120A7348}.Debug|x86.ActiveCfg = Debug|Any CPU
		{26BA9ACF-CA82-4138-B4B1-76E5120A7348}.Debug|x86.Build.0 = Debug|Any CPU
		{26BA9ACF-CA82-4138-B4B1-76E5120A7348}.Debug|x86.Deploy.0 = Debug|Any CPU
		{26BA9ACF-CA82-4138-B4B1-76E5120A7348}.Release|Any CPU.ActiveCfg = Release|Any CPU
		{26BA9ACF-CA82-4138-B4B1-76E5120A7348}.Release|Any CPU.Build.0 = Release|Any CPU
		{26BA9ACF-CA82-4138-B4B1-76E5120A7348}.Release|Any CPU.Deploy.0 = Release|Any CPU
		{26BA9ACF-CA82-4138-B4B1-76E5120A7348}.Release|ARM.ActiveCfg = Release|Any CPU
		{26BA9ACF-CA82-4138-B4B1-76E5120A7348}.Release|ARM.Build.0 = Release|Any CPU
		{26BA9ACF-CA82-4138-B4B1-76E5120A7348}.Release|ARM.Deploy.0 = Release|Any CPU
		{26BA9ACF-CA82-4138-B4B1-76E5120A7348}.Release|ARM64.ActiveCfg = Release|Any CPU
		{26BA9ACF-CA82-4138-B4B1-76E5120A7348}.Release|ARM64.Build.0 = Release|Any CPU
		{26BA9ACF-CA82-4138-B4B1-76E5120A7348}.Release|ARM64.Deploy.0 = Release|Any CPU
		{26BA9ACF-CA82-4138-B4B1-76E5120A7348}.Release|iPhone.ActiveCfg = Release|Any CPU
		{26BA9ACF-CA82-4138-B4B1-76E5120A7348}.Release|iPhone.Build.0 = Release|Any CPU
		{26BA9ACF-CA82-4138-B4B1-76E5120A7348}.Release|iPhone.Deploy.0 = Release|Any CPU
		{26BA9ACF-CA82-4138-B4B1-76E5120A7348}.Release|iPhoneSimulator.ActiveCfg = Release|Any CPU
		{26BA9ACF-CA82-4138-B4B1-76E5120A7348}.Release|iPhoneSimulator.Build.0 = Release|Any CPU
		{26BA9ACF-CA82-4138-B4B1-76E5120A7348}.Release|iPhoneSimulator.Deploy.0 = Release|Any CPU
		{26BA9ACF-CA82-4138-B4B1-76E5120A7348}.Release|x64.ActiveCfg = Release|Any CPU
		{26BA9ACF-CA82-4138-B4B1-76E5120A7348}.Release|x64.Build.0 = Release|Any CPU
		{26BA9ACF-CA82-4138-B4B1-76E5120A7348}.Release|x64.Deploy.0 = Release|Any CPU
		{26BA9ACF-CA82-4138-B4B1-76E5120A7348}.Release|x86.ActiveCfg = Release|Any CPU
		{26BA9ACF-CA82-4138-B4B1-76E5120A7348}.Release|x86.Build.0 = Release|Any CPU
		{26BA9ACF-CA82-4138-B4B1-76E5120A7348}.Release|x86.Deploy.0 = Release|Any CPU
		{45C681E2-207E-4F79-AF8E-AD0981D64863}.Debug|Any CPU.ActiveCfg = Debug|iPhoneSimulator
		{45C681E2-207E-4F79-AF8E-AD0981D64863}.Debug|Any CPU.Build.0 = Debug|iPhoneSimulator
		{45C681E2-207E-4F79-AF8E-AD0981D64863}.Debug|Any CPU.Deploy.0 = Debug|iPhoneSimulator
		{45C681E2-207E-4F79-AF8E-AD0981D64863}.Debug|ARM.ActiveCfg = Debug|iPhone
		{45C681E2-207E-4F79-AF8E-AD0981D64863}.Debug|ARM.Build.0 = Debug|iPhone
		{45C681E2-207E-4F79-AF8E-AD0981D64863}.Debug|ARM.Deploy.0 = Debug|iPhone
		{45C681E2-207E-4F79-AF8E-AD0981D64863}.Debug|ARM64.ActiveCfg = Debug|iPhone
		{45C681E2-207E-4F79-AF8E-AD0981D64863}.Debug|iPhone.ActiveCfg = Debug|iPhone
		{45C681E2-207E-4F79-AF8E-AD0981D64863}.Debug|iPhone.Build.0 = Debug|iPhone
		{45C681E2-207E-4F79-AF8E-AD0981D64863}.Debug|iPhone.Deploy.0 = Debug|iPhone
		{45C681E2-207E-4F79-AF8E-AD0981D64863}.Debug|iPhoneSimulator.ActiveCfg = Debug|iPhoneSimulator
		{45C681E2-207E-4F79-AF8E-AD0981D64863}.Debug|iPhoneSimulator.Build.0 = Debug|iPhoneSimulator
		{45C681E2-207E-4F79-AF8E-AD0981D64863}.Debug|iPhoneSimulator.Deploy.0 = Debug|iPhoneSimulator
		{45C681E2-207E-4F79-AF8E-AD0981D64863}.Debug|x64.ActiveCfg = Debug|iPhoneSimulator
		{45C681E2-207E-4F79-AF8E-AD0981D64863}.Debug|x64.Build.0 = Debug|iPhoneSimulator
		{45C681E2-207E-4F79-AF8E-AD0981D64863}.Debug|x64.Deploy.0 = Debug|iPhoneSimulator
		{45C681E2-207E-4F79-AF8E-AD0981D64863}.Debug|x86.ActiveCfg = Debug|iPhoneSimulator
		{45C681E2-207E-4F79-AF8E-AD0981D64863}.Debug|x86.Build.0 = Debug|iPhoneSimulator
		{45C681E2-207E-4F79-AF8E-AD0981D64863}.Debug|x86.Deploy.0 = Debug|iPhoneSimulator
		{45C681E2-207E-4F79-AF8E-AD0981D64863}.Release|Any CPU.ActiveCfg = Release|iPhoneSimulator
		{45C681E2-207E-4F79-AF8E-AD0981D64863}.Release|Any CPU.Build.0 = Release|iPhoneSimulator
		{45C681E2-207E-4F79-AF8E-AD0981D64863}.Release|Any CPU.Deploy.0 = Release|iPhoneSimulator
		{45C681E2-207E-4F79-AF8E-AD0981D64863}.Release|ARM.ActiveCfg = Release|iPhoneSimulator
		{45C681E2-207E-4F79-AF8E-AD0981D64863}.Release|ARM.Build.0 = Release|iPhoneSimulator
		{45C681E2-207E-4F79-AF8E-AD0981D64863}.Release|ARM.Deploy.0 = Release|iPhoneSimulator
		{45C681E2-207E-4F79-AF8E-AD0981D64863}.Release|ARM64.ActiveCfg = Release|iPhone
		{45C681E2-207E-4F79-AF8E-AD0981D64863}.Release|iPhone.ActiveCfg = Release|iPhone
		{45C681E2-207E-4F79-AF8E-AD0981D64863}.Release|iPhone.Build.0 = Release|iPhone
		{45C681E2-207E-4F79-AF8E-AD0981D64863}.Release|iPhone.Deploy.0 = Release|iPhone
		{45C681E2-207E-4F79-AF8E-AD0981D64863}.Release|iPhoneSimulator.ActiveCfg = Release|iPhoneSimulator
		{45C681E2-207E-4F79-AF8E-AD0981D64863}.Release|iPhoneSimulator.Build.0 = Release|iPhoneSimulator
		{45C681E2-207E-4F79-AF8E-AD0981D64863}.Release|iPhoneSimulator.Deploy.0 = Release|iPhoneSimulator
		{45C681E2-207E-4F79-AF8E-AD0981D64863}.Release|x64.ActiveCfg = Release|iPhoneSimulator
		{45C681E2-207E-4F79-AF8E-AD0981D64863}.Release|x64.Build.0 = Release|iPhoneSimulator
		{45C681E2-207E-4F79-AF8E-AD0981D64863}.Release|x64.Deploy.0 = Release|iPhoneSimulator
		{45C681E2-207E-4F79-AF8E-AD0981D64863}.Release|x86.ActiveCfg = Release|iPhoneSimulator
		{45C681E2-207E-4F79-AF8E-AD0981D64863}.Release|x86.Build.0 = Release|iPhoneSimulator
		{45C681E2-207E-4F79-AF8E-AD0981D64863}.Release|x86.Deploy.0 = Release|iPhoneSimulator
		{A8C3C682-317C-4A25-84BD-9D07DFA1B995}.Debug|Any CPU.ActiveCfg = Debug|Any CPU
		{A8C3C682-317C-4A25-84BD-9D07DFA1B995}.Debug|Any CPU.Build.0 = Debug|Any CPU
		{A8C3C682-317C-4A25-84BD-9D07DFA1B995}.Debug|Any CPU.Deploy.0 = Debug|Any CPU
		{A8C3C682-317C-4A25-84BD-9D07DFA1B995}.Debug|ARM.ActiveCfg = Debug|Any CPU
		{A8C3C682-317C-4A25-84BD-9D07DFA1B995}.Debug|ARM.Build.0 = Debug|Any CPU
		{A8C3C682-317C-4A25-84BD-9D07DFA1B995}.Debug|ARM.Deploy.0 = Debug|Any CPU
		{A8C3C682-317C-4A25-84BD-9D07DFA1B995}.Debug|ARM64.ActiveCfg = Debug|Any CPU
		{A8C3C682-317C-4A25-84BD-9D07DFA1B995}.Debug|ARM64.Build.0 = Debug|Any CPU
		{A8C3C682-317C-4A25-84BD-9D07DFA1B995}.Debug|iPhone.ActiveCfg = Debug|Any CPU
		{A8C3C682-317C-4A25-84BD-9D07DFA1B995}.Debug|iPhone.Build.0 = Debug|Any CPU
		{A8C3C682-317C-4A25-84BD-9D07DFA1B995}.Debug|iPhone.Deploy.0 = Debug|Any CPU
		{A8C3C682-317C-4A25-84BD-9D07DFA1B995}.Debug|iPhoneSimulator.ActiveCfg = Debug|Any CPU
		{A8C3C682-317C-4A25-84BD-9D07DFA1B995}.Debug|iPhoneSimulator.Build.0 = Debug|Any CPU
		{A8C3C682-317C-4A25-84BD-9D07DFA1B995}.Debug|iPhoneSimulator.Deploy.0 = Debug|Any CPU
		{A8C3C682-317C-4A25-84BD-9D07DFA1B995}.Debug|x64.ActiveCfg = Debug|Any CPU
		{A8C3C682-317C-4A25-84BD-9D07DFA1B995}.Debug|x64.Build.0 = Debug|Any CPU
		{A8C3C682-317C-4A25-84BD-9D07DFA1B995}.Debug|x64.Deploy.0 = Debug|Any CPU
		{A8C3C682-317C-4A25-84BD-9D07DFA1B995}.Debug|x86.ActiveCfg = Debug|Any CPU
		{A8C3C682-317C-4A25-84BD-9D07DFA1B995}.Debug|x86.Build.0 = Debug|Any CPU
		{A8C3C682-317C-4A25-84BD-9D07DFA1B995}.Debug|x86.Deploy.0 = Debug|Any CPU
		{A8C3C682-317C-4A25-84BD-9D07DFA1B995}.Release|Any CPU.ActiveCfg = Release|Any CPU
		{A8C3C682-317C-4A25-84BD-9D07DFA1B995}.Release|Any CPU.Build.0 = Release|Any CPU
		{A8C3C682-317C-4A25-84BD-9D07DFA1B995}.Release|Any CPU.Deploy.0 = Release|Any CPU
		{A8C3C682-317C-4A25-84BD-9D07DFA1B995}.Release|ARM.ActiveCfg = Release|Any CPU
		{A8C3C682-317C-4A25-84BD-9D07DFA1B995}.Release|ARM.Build.0 = Release|Any CPU
		{A8C3C682-317C-4A25-84BD-9D07DFA1B995}.Release|ARM.Deploy.0 = Release|Any CPU
		{A8C3C682-317C-4A25-84BD-9D07DFA1B995}.Release|ARM64.ActiveCfg = Release|Any CPU
		{A8C3C682-317C-4A25-84BD-9D07DFA1B995}.Release|ARM64.Build.0 = Release|Any CPU
		{A8C3C682-317C-4A25-84BD-9D07DFA1B995}.Release|iPhone.ActiveCfg = Release|Any CPU
		{A8C3C682-317C-4A25-84BD-9D07DFA1B995}.Release|iPhone.Build.0 = Release|Any CPU
		{A8C3C682-317C-4A25-84BD-9D07DFA1B995}.Release|iPhone.Deploy.0 = Release|Any CPU
		{A8C3C682-317C-4A25-84BD-9D07DFA1B995}.Release|iPhoneSimulator.ActiveCfg = Release|Any CPU
		{A8C3C682-317C-4A25-84BD-9D07DFA1B995}.Release|iPhoneSimulator.Build.0 = Release|Any CPU
		{A8C3C682-317C-4A25-84BD-9D07DFA1B995}.Release|iPhoneSimulator.Deploy.0 = Release|Any CPU
		{A8C3C682-317C-4A25-84BD-9D07DFA1B995}.Release|x64.ActiveCfg = Release|Any CPU
		{A8C3C682-317C-4A25-84BD-9D07DFA1B995}.Release|x64.Build.0 = Release|Any CPU
		{A8C3C682-317C-4A25-84BD-9D07DFA1B995}.Release|x64.Deploy.0 = Release|Any CPU
		{A8C3C682-317C-4A25-84BD-9D07DFA1B995}.Release|x86.ActiveCfg = Release|Any CPU
		{A8C3C682-317C-4A25-84BD-9D07DFA1B995}.Release|x86.Build.0 = Release|Any CPU
		{A8C3C682-317C-4A25-84BD-9D07DFA1B995}.Release|x86.Deploy.0 = Release|Any CPU
		{B8179A0B-6F07-4DB9-A016-B2CE7C96391B}.Debug|Any CPU.ActiveCfg = Debug
		{B8179A0B-6F07-4DB9-A016-B2CE7C96391B}.Debug|ARM.ActiveCfg = Debug
		{B8179A0B-6F07-4DB9-A016-B2CE7C96391B}.Debug|ARM64.ActiveCfg = Debug
		{B8179A0B-6F07-4DB9-A016-B2CE7C96391B}.Debug|ARM64.Build.0 = Debug
		{B8179A0B-6F07-4DB9-A016-B2CE7C96391B}.Debug|iPhone.ActiveCfg = Debug
		{B8179A0B-6F07-4DB9-A016-B2CE7C96391B}.Debug|iPhoneSimulator.ActiveCfg = Debug
		{B8179A0B-6F07-4DB9-A016-B2CE7C96391B}.Debug|x64.ActiveCfg = Debug
		{B8179A0B-6F07-4DB9-A016-B2CE7C96391B}.Debug|x86.ActiveCfg = Debug
		{B8179A0B-6F07-4DB9-A016-B2CE7C96391B}.Release|Any CPU.ActiveCfg = Release
		{B8179A0B-6F07-4DB9-A016-B2CE7C96391B}.Release|ARM.ActiveCfg = Release
		{B8179A0B-6F07-4DB9-A016-B2CE7C96391B}.Release|ARM64.ActiveCfg = Release
		{B8179A0B-6F07-4DB9-A016-B2CE7C96391B}.Release|ARM64.Build.0 = Release
		{B8179A0B-6F07-4DB9-A016-B2CE7C96391B}.Release|iPhone.ActiveCfg = Release
		{B8179A0B-6F07-4DB9-A016-B2CE7C96391B}.Release|iPhoneSimulator.ActiveCfg = Release
		{B8179A0B-6F07-4DB9-A016-B2CE7C96391B}.Release|x64.ActiveCfg = Release
		{B8179A0B-6F07-4DB9-A016-B2CE7C96391B}.Release|x86.ActiveCfg = Release
	EndGlobalSection
	GlobalSection(SolutionProperties) = preSolution
		HideSolutionNode = FALSE
	EndGlobalSection
	GlobalSection(ExtensibilityGlobals) = postSolution
		SolutionGuid = {2CF97A93-150A-4DF0-9DC8-02214D876AAE}
	EndGlobalSection
EndGlobal
